{
  "requires": true,
  "lockfileVersion": 1,
  "dependencies": {
    "@sailshq/lodash": {
      "version": "3.10.4",
      "resolved": "https://registry.npmjs.org/@sailshq/lodash/-/lodash-3.10.4.tgz",
      "integrity": "sha512-YXJqp9gdHcZKAmBY/WnwFpPtNQp2huD/ME2YMurH2YHJvxrVzYsmpKw/pb7yINArRpp8E++fwbQd3ajYXGA45Q=="
    },
    "archiver": {
      "version": "0.14.4",
      "resolved": "https://registry.npmjs.org/archiver/-/archiver-0.14.4.tgz",
      "integrity": "sha1-W53bn17hzu8hy487Ag5iQOy0MVw=",
      "requires": {
        "async": "~0.9.0",
        "buffer-crc32": "~0.2.1",
        "glob": "~4.3.0",
        "lazystream": "~0.1.0",
        "lodash": "~3.2.0",
        "readable-stream": "~1.0.26",
        "tar-stream": "~1.1.0",
        "zip-stream": "~0.5.0"
      },
      "dependencies": {
        "async": {
          "version": "0.9.2",
          "resolved": "https://registry.npmjs.org/async/-/async-0.9.2.tgz",
          "integrity": "sha1-rqdNXmHB+JlhO/ZL2mbUx48v0X0="
        },
        "lodash": {
          "version": "3.2.0",
          "resolved": "https://registry.npmjs.org/lodash/-/lodash-3.2.0.tgz",
          "integrity": "sha1-S/UKMkP5rrC6xBpV09WZBnWkYvs="
        }
      }
    },
    "async": {
      "version": "2.6.0",
      "resolved": "https://registry.npmjs.org/async/-/async-2.6.0.tgz",
      "integrity": "sha512-xAfGg1/NTLBBKlHFmnd7PlmUW9KhVQIUuSrYem9xzFUZy13ScvtyGGejaae9iAVRiRq9+Cx7DPFaAAhCpyxyPw==",
      "requires": {
        "lodash": "^4.14.0"
      }
    },
    "balanced-match": {
      "version": "1.0.0",
      "resolved": "https://registry.npmjs.org/balanced-match/-/balanced-match-1.0.0.tgz",
      "integrity": "sha1-ibTRmasr7kneFk6gK4nORi1xt2c="
    },
    "binary": {
      "version": "0.3.0",
      "resolved": "https://registry.npmjs.org/binary/-/binary-0.3.0.tgz",
      "integrity": "sha1-n2BVO8XOjDOG87VTz/R0Yq3sqnk=",
      "requires": {
        "buffers": "~0.1.1",
        "chainsaw": "~0.1.0"
      }
    },
    "bl": {
      "version": "0.9.5",
      "resolved": "https://registry.npmjs.org/bl/-/bl-0.9.5.tgz",
      "integrity": "sha1-wGt5evCF6gC8Unr8jvzxHeIjIFQ=",
      "requires": {
        "readable-stream": "~1.0.26"
      }
    },
    "brace-expansion": {
      "version": "1.1.11",
      "resolved": "https://registry.npmjs.org/brace-expansion/-/brace-expansion-1.1.11.tgz",
      "integrity": "sha512-iCuPHDFgrHX7H2vEI/5xpz07zSHB00TpugqhmYtVmMO6518mCuRMoOYFldEBl0g187ufozdaHgWKcYFb61qGiA==",
      "requires": {
        "balanced-match": "^1.0.0",
        "concat-map": "0.0.1"
      }
    },
    "buffer-crc32": {
      "version": "0.2.13",
      "resolved": "https://registry.npmjs.org/buffer-crc32/-/buffer-crc32-0.2.13.tgz",
      "integrity": "sha1-DTM+PwDqxQqhRUq9MO+MKl2ackI="
    },
    "buffers": {
      "version": "0.1.1",
      "resolved": "https://registry.npmjs.org/buffers/-/buffers-0.1.1.tgz",
      "integrity": "sha1-skV5w77U1tOWru5tmorn9Ugqt7s="
    },
    "celery": {
      "version": "0.0.0",
      "resolved": "https://registry.npmjs.org/celery/-/celery-0.0.0.tgz",
      "integrity": "sha1-N5fR/ybBf/xAvyXdGD3tWN/rtZA="
    },
    "celery-client": {
      "version": "0.1.10",
      "resolved": "https://registry.npmjs.org/celery-client/-/celery-client-0.1.10.tgz",
      "integrity": "sha512-ZabgxYyP+4dZ4OZLyJBTys4o5ExA+c3+xzM3IyWn41DJkNgss66tSh+cIGsNrZDTtYd8qgjpk/f0i/v89AQPyw==",
      "requires": {
        "async": "2.6.0",
        "redis": "2.8.0",
        "uuid": "3.0.1"
      }
    },
    "chainsaw": {
      "version": "0.1.0",
      "resolved": "https://registry.npmjs.org/chainsaw/-/chainsaw-0.1.0.tgz",
      "integrity": "sha1-XqtQsor+WAdNDVgpE4iCi15fvJg=",
      "requires": {
        "traverse": ">=0.3.0 <0.4"
      }
    },
    "compress-commons": {
      "version": "0.2.9",
      "resolved": "https://registry.npmjs.org/compress-commons/-/compress-commons-0.2.9.tgz",
      "integrity": "sha1-Qi2SdDDAGr0GzUVbbfwEy0z4ADw=",
      "requires": {
        "buffer-crc32": "~0.2.1",
        "crc32-stream": "~0.3.1",
        "node-int64": "~0.3.0",
        "readable-stream": "~1.0.26"
      }
    },
    "concat-map": {
      "version": "0.0.1",
      "resolved": "https://registry.npmjs.org/concat-map/-/concat-map-0.0.1.tgz",
      "integrity": "sha1-2Klr13/Wjfd5OnMDajug1UBdR3s="
    },
    "convert-to-ecmascript-compatible-varname": {
      "version": "0.1.5",
      "resolved": "https://registry.npmjs.org/convert-to-ecmascript-compatible-varname/-/convert-to-ecmascript-compatible-varname-0.1.5.tgz",
      "integrity": "sha1-9npJOMUjNENWQlBHnGcBS6yHhJk="
    },
    "core-util-is": {
      "version": "1.0.2",
      "resolved": "https://registry.npmjs.org/core-util-is/-/core-util-is-1.0.2.tgz",
      "integrity": "sha1-tf1UIgqivFq1eqtxQMlAdUUDwac="
    },
    "crc32-stream": {
      "version": "0.3.4",
      "resolved": "https://registry.npmjs.org/crc32-stream/-/crc32-stream-0.3.4.tgz",
      "integrity": "sha1-c7wltF+sHbZjIjGnv86JJ+nwZVI=",
      "requires": {
        "buffer-crc32": "~0.2.1",
        "readable-stream": "~1.0.24"
      }
    },
    "debug": {
      "version": "2.6.9",
      "resolved": "https://registry.npmjs.org/debug/-/debug-2.6.9.tgz",
      "integrity": "sha512-bC7ElrdJaJnPbAP+1EotYvqZsb3ecl5wi6Bfi6BJTUcNowp6cvspg0jXznRTKDjm/E7AdgFBVeAPVMNcKGsHMA==",
      "requires": {
        "ms": "2.0.0"
      }
    },
    "double-ended-queue": {
      "version": "2.1.0-0",
      "resolved": "https://registry.npmjs.org/double-ended-queue/-/double-ended-queue-2.1.0-0.tgz",
      "integrity": "sha1-ED01J/0xUo9AGIEwyEHv3XgmTlw="
    },
    "end-of-stream": {
      "version": "1.4.4",
      "resolved": "https://registry.npmjs.org/end-of-stream/-/end-of-stream-1.4.4.tgz",
      "integrity": "sha512-+uw1inIHVPQoaVuHzRyXd21icM+cnt4CzD5rW+NC1wjOUSTOs+Te7FOv7AhN7vS9x/oIyhLP5PR1H+phQAHu5Q==",
      "requires": {
        "once": "^1.4.0"
      }
    },
    "fs-extra": {
      "version": "0.10.0",
      "resolved": "https://registry.npmjs.org/fs-extra/-/fs-extra-0.10.0.tgz",
      "integrity": "sha1-mcDsL9XqqtnWRiReSwFLVnKZgq8=",
      "requires": {
        "jsonfile": "^1.2.0",
        "mkdirp": "^0.5.0",
        "ncp": "^0.5.1",
        "rimraf": "^2.2.8"
      }
    },
    "fs.realpath": {
      "version": "1.0.0",
      "resolved": "https://registry.npmjs.org/fs.realpath/-/fs.realpath-1.0.0.tgz",
      "integrity": "sha1-FQStJSMVjKpA20onh8sBQRmU6k8="
    },
    "fstream": {
      "version": "0.1.31",
      "resolved": "https://registry.npmjs.org/fstream/-/fstream-0.1.31.tgz",
      "integrity": "sha1-czfwWPu7vvqMn1YaKMqwhJICyYg=",
      "requires": {
        "graceful-fs": "~3.0.2",
        "inherits": "~2.0.0",
        "mkdirp": "0.5",
        "rimraf": "2"
      }
    },
    "glob": {
      "version": "4.3.5",
      "resolved": "https://registry.npmjs.org/glob/-/glob-4.3.5.tgz",
      "integrity": "sha1-gPuwjKVA8jiszl0R0em8QedRc9M=",
      "requires": {
        "inflight": "^1.0.4",
        "inherits": "2",
        "minimatch": "^2.0.1",
        "once": "^1.3.0"
      }
    },
    "graceful-fs": {
      "version": "3.0.12",
      "resolved": "https://registry.npmjs.org/graceful-fs/-/graceful-fs-3.0.12.tgz",
      "integrity": "sha512-J55gaCS4iTTJfTXIxSVw3EMQckcqkpdRv3IR7gu6sq0+tbC363Zx6KH/SEwXASK9JRbhyZmVjJEVJIOxYsB3Qg==",
      "requires": {
        "natives": "^1.1.3"
      }
    },
    "hat": {
      "version": "0.0.3",
      "resolved": "https://registry.npmjs.org/hat/-/hat-0.0.3.tgz",
      "integrity": "sha1-uwFKnmSzeIrtgAWRdBPU/z1QLYo="
    },
    "inflight": {
      "version": "1.0.6",
      "resolved": "https://registry.npmjs.org/inflight/-/inflight-1.0.6.tgz",
      "integrity": "sha1-Sb1jMdfQLQwJvJEKEHW6gWW1bfk=",
      "requires": {
        "once": "^1.3.0",
        "wrappy": "1"
      }
    },
    "inherits": {
      "version": "2.0.4",
      "resolved": "https://registry.npmjs.org/inherits/-/inherits-2.0.4.tgz",
      "integrity": "sha512-k/vGaX4/Yla3WzyMCvTQOXYeIHvqOKtnqBduzTHpzpQZzAskKMhZ2K+EnBiSM9zGSoIFeMpXKxa4dYeZIQqewQ=="
    },
    "isarray": {
      "version": "0.0.1",
      "resolved": "https://registry.npmjs.org/isarray/-/isarray-0.0.1.tgz",
      "integrity": "sha1-ihis/Kmo9Bd+Cav8YDiTmwXR7t8="
    },
    "jsonfile": {
      "version": "1.2.0",
      "resolved": "https://registry.npmjs.org/jsonfile/-/jsonfile-1.2.0.tgz",
      "integrity": "sha1-XzXWzZ+Ubsl7Wxg1P6nljfG4b2o="
    },
    "lazystream": {
      "version": "0.1.0",
      "resolved": "https://registry.npmjs.org/lazystream/-/lazystream-0.1.0.tgz",
      "integrity": "sha1-GyXWPHcqTCDwpe0KnXf0hLbhaSA=",
      "requires": {
        "readable-stream": "~1.0.2"
      }
    },
    "lodash": {
      "version": "4.17.15",
      "resolved": "https://registry.npmjs.org/lodash/-/lodash-4.17.15.tgz",
      "integrity": "sha512-8xOcRHvCjnocdS5cpwXQXVzmmh5e5+saE2QGoeQmbKmRS6J3VQppPOIt0MnmE+4xlZoumy0GPG0D0MVIQbNA1A=="
    },
    "machine": {
      "version": "10.4.0",
      "resolved": "https://registry.npmjs.org/machine/-/machine-10.4.0.tgz",
      "integrity": "sha1-m1Ys5GeCEzKCijd9GQ65NrTkB7I=",
      "requires": {
        "convert-to-ecmascript-compatible-varname": "^0.1.0",
        "debug": "^2.1.1",
        "lodash": "^3.8.0",
        "object-hash": "~0.3.0",
        "rttc": "^7.2.1",
        "switchback": "^2.0.0"
      },
      "dependencies": {
        "lodash": {
          "version": "3.10.1",
          "resolved": "https://registry.npmjs.org/lodash/-/lodash-3.10.1.tgz",
          "integrity": "sha1-W/Rejkm6QYnhfUgnid/RW9FAt7Y="
        }
      }
    },
    "machinepack-fs": {
      "version": "2.3.0",
      "resolved": "https://registry.npmjs.org/machinepack-fs/-/machinepack-fs-2.3.0.tgz",
      "integrity": "sha1-g9hSzffvqDcXTjh7eXIk1pKUE+c=",
      "requires": {
        "async": "^0.9.0",
        "fs-extra": "~0.10.0",
        "lodash": "^2.4.1",
        "machine": "^4.0.0",
        "machinepack-util": "^0.7.0",
        "walker": "~1.0.6"
      },
      "dependencies": {
        "async": {
          "version": "0.9.2",
          "resolved": "https://registry.npmjs.org/async/-/async-0.9.2.tgz",
          "integrity": "sha1-rqdNXmHB+JlhO/ZL2mbUx48v0X0="
        },
        "lodash": {
          "version": "2.4.2",
          "resolved": "https://registry.npmjs.org/lodash/-/lodash-2.4.2.tgz",
          "integrity": "sha1-+t2DS5aDBz2hebPq5tnA0VBT9z4="
        },
        "machine": {
          "version": "4.1.1",
          "resolved": "https://registry.npmjs.org/machine/-/machine-4.1.1.tgz",
          "integrity": "sha1-7y7KudSqwtvDl4UCl4o25x/ln9c=",
          "requires": {
            "convert-to-ecmascript-compatible-varname": "^0.1.0",
            "debug": "^2.1.1",
            "lodash": "~2.4.1",
            "object-hash": "~0.3.0",
            "rttc": "^1.0.2",
            "switchback": "^1.1.3"
          }
        },
        "rttc": {
          "version": "1.0.2",
          "resolved": "https://registry.npmjs.org/rttc/-/rttc-1.0.2.tgz",
          "integrity": "sha1-TTZCjpUoQrJ0P6cC5PVhoi9kje8=",
          "requires": {
            "lodash": "~2.4.1"
          }
        },
        "switchback": {
          "version": "1.1.3",
          "resolved": "https://registry.npmjs.org/switchback/-/switchback-1.1.3.tgz",
          "integrity": "sha1-EscBCTSNailvc5upEO64U/i25jE=",
          "requires": {
            "lodash": "~2.4.1"
          }
        }
      }
    },
    "machinepack-util": {
      "version": "0.7.24",
      "resolved": "https://registry.npmjs.org/machinepack-util/-/machinepack-util-0.7.24.tgz",
      "integrity": "sha1-rSeeA0F44FFI2LqpfoVFZwtEaRs=",
      "requires": {
        "hat": "0.0.3",
        "lodash": "^2.4.1",
        "machine": "^2.0.4"
      },
      "dependencies": {
        "lodash": {
          "version": "2.4.2",
          "resolved": "https://registry.npmjs.org/lodash/-/lodash-2.4.2.tgz",
          "integrity": "sha1-+t2DS5aDBz2hebPq5tnA0VBT9z4="
        },
        "machine": {
          "version": "2.0.6",
          "resolved": "https://registry.npmjs.org/machine/-/machine-2.0.6.tgz",
          "integrity": "sha1-pO3cp6zoy6I8KYdI0oov70z3myM=",
          "requires": {
            "convert-to-ecmascript-compatible-varname": "^0.1.0",
            "debug": "^2.1.1",
            "lodash": "~2.4.1",
            "object-hash": "~0.3.0",
            "rttc": "^1.0.0",
            "switchback": "~1.1.0"
          }
        },
        "rttc": {
          "version": "1.0.2",
          "resolved": "https://registry.npmjs.org/rttc/-/rttc-1.0.2.tgz",
          "integrity": "sha1-TTZCjpUoQrJ0P6cC5PVhoi9kje8=",
          "requires": {
            "lodash": "~2.4.1"
          }
        },
        "switchback": {
          "version": "1.1.3",
          "resolved": "https://registry.npmjs.org/switchback/-/switchback-1.1.3.tgz",
          "integrity": "sha1-EscBCTSNailvc5upEO64U/i25jE=",
          "requires": {
            "lodash": "~2.4.1"
          }
        }
      }
    },
    "machinepack-zip": {
      "version": "1.1.0",
      "resolved": "https://registry.npmjs.org/machinepack-zip/-/machinepack-zip-1.1.0.tgz",
      "integrity": "sha1-EudG7AHyChDHVnN49ZgMXqRvLdE=",
      "requires": {
        "archiver": "^0.14.2",
        "lodash": "^3.2.0",
        "machine": "^10.3.1",
        "machinepack-fs": "^2.1.0",
        "unzip": "^0.1.11"
      },
      "dependencies": {
        "lodash": {
          "version": "3.10.1",
          "resolved": "https://registry.npmjs.org/lodash/-/lodash-3.10.1.tgz",
          "integrity": "sha1-W/Rejkm6QYnhfUgnid/RW9FAt7Y="
        }
      }
    },
    "makeerror": {
      "version": "1.0.11",
      "resolved": "https://registry.npmjs.org/makeerror/-/makeerror-1.0.11.tgz",
      "integrity": "sha1-4BpckQnyr3lmDk6LlYd5AYT1qWw=",
      "requires": {
        "tmpl": "1.0.x"
      }
    },
    "match-stream": {
      "version": "0.0.2",
      "resolved": "https://registry.npmjs.org/match-stream/-/match-stream-0.0.2.tgz",
      "integrity": "sha1-mesFAJOzTf+t5CG5rAtBCpz6F88=",
      "requires": {
        "buffers": "~0.1.1",
        "readable-stream": "~1.0.0"
      }
    },
    "minimatch": {
      "version": "2.0.10",
      "resolved": "https://registry.npmjs.org/minimatch/-/minimatch-2.0.10.tgz",
      "integrity": "sha1-jQh8OcazjAAbl/ynzm0OHoCvusc=",
      "requires": {
        "brace-expansion": "^1.0.0"
      }
    },
    "minimist": {
      "version": "0.0.8",
      "resolved": "https://registry.npmjs.org/minimist/-/minimist-0.0.8.tgz",
      "integrity": "sha1-hX/Kv8M5fSYluCKCYuhqp6ARsF0="
    },
    "mkdirp": {
      "version": "0.5.1",
      "resolved": "https://registry.npmjs.org/mkdirp/-/mkdirp-0.5.1.tgz",
      "integrity": "sha1-MAV0OOrGz3+MR2fzhkjWaX11yQM=",
      "requires": {
        "minimist": "0.0.8"
      }
    },
    "ms": {
      "version": "2.0.0",
      "resolved": "https://registry.npmjs.org/ms/-/ms-2.0.0.tgz",
      "integrity": "sha1-VgiurfwAvmwpAd9fmGF4jeDVl8g="
    },
    "mysql-client": {
      "version": "0.3.0",
      "resolved": "https://registry.npmjs.org/mysql-client/-/mysql-client-0.3.0.tgz",
      "integrity": "sha1-mZXmI+IaqtoH135pgdO6+z30CHw="
    },
    "mysql-server": {
      "version": "1.0.5",
      "resolved": "https://registry.npmjs.org/mysql-server/-/mysql-server-1.0.5.tgz",
      "integrity": "sha1-9emuy8FEegRh2JfGEU+FlNNnZDg=",
      "requires": {
        "machinepack-zip": "^1.1.0"
      }
    },
    "natives": {
      "version": "1.1.6",
      "resolved": "https://registry.npmjs.org/natives/-/natives-1.1.6.tgz",
      "integrity": "sha512-6+TDFewD4yxY14ptjKaS63GVdtKiES1pTPyxn9Jb0rBqPMZ7VcCiooEhPNsr+mqHtMGxa/5c/HhcC4uPEUw/nA=="
    },
    "ncp": {
      "version": "0.5.1",
      "resolved": "https://registry.npmjs.org/ncp/-/ncp-0.5.1.tgz",
      "integrity": "sha1-dDmFMW49tFkoG1hxaehFc1oFQ58="
    },
    "node-int64": {
      "version": "0.3.3",
      "resolved": "https://registry.npmjs.org/node-int64/-/node-int64-0.3.3.tgz",
      "integrity": "sha1-LW5rLs5d6FiLQ9iNG8QbJs0fqE0="
    },
    "object-hash": {
      "version": "0.3.0",
      "resolved": "https://registry.npmjs.org/object-hash/-/object-hash-0.3.0.tgz",
      "integrity": "sha1-VIII5Ds2pE5NowutbFasU7iF50Q="
    },
    "once": {
      "version": "1.4.0",
      "resolved": "https://registry.npmjs.org/once/-/once-1.4.0.tgz",
      "integrity": "sha1-WDsap3WWHUsROsF9nFC6753Xa9E=",
      "requires": {
        "wrappy": "1"
      }
    },
    "over": {
      "version": "0.0.5",
      "resolved": "https://registry.npmjs.org/over/-/over-0.0.5.tgz",
      "integrity": "sha1-8phS5w/X4l82DgE6jsRMgq7bVwg="
    },
    "path-is-absolute": {
      "version": "1.0.1",
      "resolved": "https://registry.npmjs.org/path-is-absolute/-/path-is-absolute-1.0.1.tgz",
      "integrity": "sha1-F0uSaHNVNP+8es5r9TpanhtcX18="
    },
    "pullstream": {
      "version": "0.4.1",
      "resolved": "https://registry.npmjs.org/pullstream/-/pullstream-0.4.1.tgz",
      "integrity": "sha1-1vs79a7Wl+gxFQ6xACwlo/iuExQ=",
      "requires": {
        "over": ">= 0.0.5 < 1",
        "readable-stream": "~1.0.31",
        "setimmediate": ">= 1.0.2 < 2",
        "slice-stream": ">= 1.0.0 < 2"
      }
    },
    "readable-stream": {
      "version": "1.0.34",
      "resolved": "https://registry.npmjs.org/readable-stream/-/readable-stream-1.0.34.tgz",
      "integrity": "sha1-Elgg40vIQtLyqq+v5MKRbuMsFXw=",
      "requires": {
        "core-util-is": "~1.0.0",
        "inherits": "~2.0.1",
        "isarray": "0.0.1",
        "string_decoder": "~0.10.x"
      }
    },
    "redis": {
      "version": "2.8.0",
      "resolved": "https://registry.npmjs.org/redis/-/redis-2.8.0.tgz",
      "integrity": "sha512-M1OkonEQwtRmZv4tEWF2VgpG0JWJ8Fv1PhlgT5+B+uNq2cA3Rt1Yt/ryoR+vQNOQcIEgdCdfH0jr3bDpihAw1A==",
      "requires": {
        "double-ended-queue": "^2.1.0-0",
        "redis-commands": "^1.2.0",
        "redis-parser": "^2.6.0"
      }
    },
    "redis-commands": {
      "version": "1.5.0",
      "resolved": "https://registry.npmjs.org/redis-commands/-/redis-commands-1.5.0.tgz",
      "integrity": "sha512-6KxamqpZ468MeQC3bkWmCB1fp56XL64D4Kf0zJSwDZbVLLm7KFkoIcHrgRvQ+sk8dnhySs7+yBg94yIkAK7aJg=="
    },
    "redis-parser": {
      "version": "2.6.0",
      "resolved": "https://registry.npmjs.org/redis-parser/-/redis-parser-2.6.0.tgz",
      "integrity": "sha1-Uu0J2srBCPGmMcB+m2mUHnoZUEs="
    },
    "rimraf": {
      "version": "2.7.1",
      "resolved": "https://registry.npmjs.org/rimraf/-/rimraf-2.7.1.tgz",
      "integrity": "sha512-uWjbaKIK3T1OSVptzX7Nl6PvQ3qAGtKEtVRjRuazjfL3Bx5eI409VZSqgND+4UNnmzLVdPj9FqFJNPqBZFve4w==",
      "requires": {
        "glob": "^7.1.3"
      },
      "dependencies": {
        "glob": {
          "version": "7.1.6",
          "resolved": "https://registry.npmjs.org/glob/-/glob-7.1.6.tgz",
          "integrity": "sha512-LwaxwyZ72Lk7vZINtNNrywX0ZuLyStrdDtabefZKAY5ZGJhVtgdznluResxNmPitE0SAO+O26sWTHeKSI2wMBA==",
          "requires": {
            "fs.realpath": "^1.0.0",
            "inflight": "^1.0.4",
            "inherits": "2",
            "minimatch": "^3.0.4",
            "once": "^1.3.0",
            "path-is-absolute": "^1.0.0"
          }
        },
        "minimatch": {
          "version": "3.0.4",
          "resolved": "https://registry.npmjs.org/minimatch/-/minimatch-3.0.4.tgz",
          "integrity": "sha512-yJHVQEhyqPLUTgt9B83PXu6W3rx4MvvHvSUvToogpwoGDOUQ+yDrR0HRot+yOCdCO7u4hX3pWft6kWBBcqh0UA==",
          "requires": {
            "brace-expansion": "^1.1.7"
          }
        }
      }
    },
    "rttc": {
      "version": "7.4.0",
      "resolved": "https://registry.npmjs.org/rttc/-/rttc-7.4.0.tgz",
      "integrity": "sha1-vJys1Grdkj3rYklaAZNOt+9hn7Q=",
      "requires": {
        "lodash": "^3.8.0"
      },
      "dependencies": {
        "lodash": {
          "version": "3.10.1",
          "resolved": "https://registry.npmjs.org/lodash/-/lodash-3.10.1.tgz",
          "integrity": "sha1-W/Rejkm6QYnhfUgnid/RW9FAt7Y="
        }
      }
    },
    "setimmediate": {
      "version": "1.0.5",
      "resolved": "https://registry.npmjs.org/setimmediate/-/setimmediate-1.0.5.tgz",
      "integrity": "sha1-KQy7Iy4waULX1+qbg3Mqt4VvgoU="
    },
    "slice-stream": {
      "version": "1.0.0",
      "resolved": "https://registry.npmjs.org/slice-stream/-/slice-stream-1.0.0.tgz",
      "integrity": "sha1-WzO9ZvATsaf4ZGCwPUY97DmtPqA=",
      "requires": {
        "readable-stream": "~1.0.31"
      }
    },
    "string_decoder": {
      "version": "0.10.31",
      "resolved": "https://registry.npmjs.org/string_decoder/-/string_decoder-0.10.31.tgz",
      "integrity": "sha1-YuIDvEF2bGwoyfyEMB2rHFMQ+pQ="
    },
    "switchback": {
      "version": "2.0.5",
      "resolved": "https://registry.npmjs.org/switchback/-/switchback-2.0.5.tgz",
      "integrity": "sha512-w9gnsTxR5geOKt45QUryhDP9KTLcOAqje9usR2VQ2ng8DfhaF+mkIcArxioMP/p6Z/ecKE58i2/B0DDlMJK1jw==",
      "requires": {
        "@sailshq/lodash": "^3.10.3"
      }
    },
    "tar-stream": {
      "version": "1.1.5",
      "resolved": "https://registry.npmjs.org/tar-stream/-/tar-stream-1.1.5.tgz",
      "integrity": "sha1-vpIYwTDCACnhB7D5Z/sj3gV50Tw=",
      "requires": {
        "bl": "^0.9.0",
        "end-of-stream": "^1.0.0",
        "readable-stream": "~1.0.33",
        "xtend": "^4.0.0"
      }
    },
    "tmpl": {
      "version": "1.0.4",
      "resolved": "https://registry.npmjs.org/tmpl/-/tmpl-1.0.4.tgz",
      "integrity": "sha1-I2QN17QtAEM5ERQIIOXPRA5SHdE="
    },
    "traverse": {
      "version": "0.3.9",
      "resolved": "https://registry.npmjs.org/traverse/-/traverse-0.3.9.tgz",
      "integrity": "sha1-cXuPIgzAu3tE5AUUwisui7xw2Lk="
    },
    "unzip": {
      "version": "0.1.11",
      "resolved": "https://registry.npmjs.org/unzip/-/unzip-0.1.11.tgz",
      "integrity": "sha1-iXScY7BY19kNYZ+GuYqhU107l/A=",
      "requires": {
        "binary": ">= 0.3.0 < 1",
        "fstream": ">= 0.1.30 < 1",
        "match-stream": ">= 0.0.2 < 1",
        "pullstream": ">= 0.4.1 < 1",
        "readable-stream": "~1.0.31",
        "setimmediate": ">= 1.0.1 < 2"
      }
    },
    "uuid": {
      "version": "3.0.1",
      "resolved": "https://registry.npmjs.org/uuid/-/uuid-3.0.1.tgz",
      "integrity": "sha1-ZUS7ot/ajBzxfmKaOjBeK7H+5sE="
    },
    "walker": {
      "version": "1.0.7",
      "resolved": "https://registry.npmjs.org/walker/-/walker-1.0.7.tgz",
      "integrity": "sha1-L3+bj9ENZ3JisYqITijRlhjgKPs=",
      "requires": {
        "makeerror": "1.0.x"
      }
    },
    "wrappy": {
      "version": "1.0.2",
      "resolved": "https://registry.npmjs.org/wrappy/-/wrappy-1.0.2.tgz",
      "integrity": "sha1-tSQ9jz7BqjXxNkYFvA0QNuMKtp8="
    },
    "xtend": {
      "version": "4.0.2",
      "resolved": "https://registry.npmjs.org/xtend/-/xtend-4.0.2.tgz",
      "integrity": "sha512-LKYU1iAXJXUgAXn9URjiu+MWhyUXHsvfp7mcuYm9dSUKK0/CjtrUwFAxD82/mCWbtLsGjFIad0wIsod4zrTAEQ=="
    },
    "zip-stream": {
      "version": "0.5.2",
      "resolved": "https://registry.npmjs.org/zip-stream/-/zip-stream-0.5.2.tgz",
      "integrity": "sha1-Mty8UG0Nq00hNyYlvX66rDwv/1Y=",
      "requires": {
        "compress-commons": "~0.2.0",
        "lodash": "~3.2.0",
        "readable-stream": "~1.0.26"
      },
      "dependencies": {
        "lodash": {
          "version": "3.2.0",
          "resolved": "https://registry.npmjs.org/lodash/-/lodash-3.2.0.tgz",
          "integrity": "sha1-S/UKMkP5rrC6xBpV09WZBnWkYvs="
        }
      }
    }
  }
}
